
Microsoft Visual Studio Solution File, Format Version 12.00
# Visual Studio 2012
Project("{FAE04EC0-301F-11D3-BF4B-00C04F79EFBC}") = "Sync.BL", "Sync.BL\Sync.BL.csproj", "{D46765B4-6FF4-4378-86A9-0AA55FF507D4}"
EndProject
Project("{FAE04EC0-301F-11D3-BF4B-00C04F79EFBC}") = "Sync.WPF", "Sync.WPF\Sync.WPF.csproj", "{F84561A7-6594-4D4B-B396-C56B73E10349}"
EndProject
Project("{FAE04EC0-301F-11D3-BF4B-00C04F79EFBC}") = "Sync.Test", "Sync.Test\Sync.Test.csproj", "{C577AFD7-0742-4AB2-9C8F-51F8B06E135A}"
EndProject
Project("{FAE04EC0-301F-11D3-BF4B-00C04F79EFBC}") = "Sync.Core", "Sync.Core\Sync.Core.csproj", "{08813093-9BF0-4693-99D4-606C9C31DB20}"
EndProject
Project("{FAE04EC0-301F-11D3-BF4B-00C04F79EFBC}") = "Sync.Service", "Sync.Service\Sync.Service.csproj", "{5F6DF756-A385-4EE9-B2B0-05E953A4BBAD}"
EndProject
Project("{FAE04EC0-301F-11D3-BF4B-00C04F79EFBC}") = "Sync.WPFBlend", "Sync.WPFBlend\Sync.WPFBlend\Sync.WPFBlend.csproj", "{050EEB4F-49A7-4995-A351-02A8B50D3230}"
EndProject
Project("{6141683F-8A12-4E36-9623-2EB02B2C2303}") = "Sync.Setup", "Sync.Setup\Sync.Setup.isproj", "{51A17633-5451-42E0-AB01-0A13DCD93A60}"
	ProjectSection(ProjectDependencies) = postProject
		{5F6DF756-A385-4EE9-B2B0-05E953A4BBAD} = {5F6DF756-A385-4EE9-B2B0-05E953A4BBAD}
	EndProjectSection
EndProject
Global
	GlobalSection(SolutionConfigurationPlatforms) = preSolution
		CD_ROM|Any CPU = CD_ROM|Any CPU
		CD_ROM|Mixed Platforms = CD_ROM|Mixed Platforms
		CD_ROM|x86 = CD_ROM|x86
		Debug|Any CPU = Debug|Any CPU
		Debug|Mixed Platforms = Debug|Mixed Platforms
		Debug|x86 = Debug|x86
		DVD-5|Any CPU = DVD-5|Any CPU
		DVD-5|Mixed Platforms = DVD-5|Mixed Platforms
		DVD-5|x86 = DVD-5|x86
		Release|Any CPU = Release|Any CPU
		Release|Mixed Platforms = Release|Mixed Platforms
		Release|x86 = Release|x86
		SingleImage|Any CPU = SingleImage|Any CPU
		SingleImage|Mixed Platforms = SingleImage|Mixed Platforms
		SingleImage|x86 = SingleImage|x86
	EndGlobalSection
	GlobalSection(ProjectConfigurationPlatforms) = postSolution
		{D46765B4-6FF4-4378-86A9-0AA55FF507D4}.CD_ROM|Any CPU.ActiveCfg = Release|Any CPU
		{D46765B4-6FF4-4378-86A9-0AA55FF507D4}.CD_ROM|Any CPU.Build.0 = Release|Any CPU
		{D46765B4-6FF4-4378-86A9-0AA55FF507D4}.CD_ROM|Mixed Platforms.ActiveCfg = Debug|Any CPU
		{D46765B4-6FF4-4378-86A9-0AA55FF507D4}.CD_ROM|Mixed Platforms.Build.0 = Debug|Any CPU
		{D46765B4-6FF4-4378-86A9-0AA55FF507D4}.CD_ROM|x86.ActiveCfg = Debug|Any CPU
		{D46765B4-6FF4-4378-86A9-0AA55FF507D4}.Debug|Any CPU.ActiveCfg = Debug|Any CPU
		{D46765B4-6FF4-4378-86A9-0AA55FF507D4}.Debug|Any CPU.Build.0 = Debug|Any CPU
		{D46765B4-6FF4-4378-86A9-0AA55FF507D4}.Debug|Mixed Platforms.ActiveCfg = Debug|Any CPU
		{D46765B4-6FF4-4378-86A9-0AA55FF507D4}.Debug|Mixed Platforms.Build.0 = Debug|Any CPU
		{D46765B4-6FF4-4378-86A9-0AA55FF507D4}.Debug|x86.ActiveCfg = Debug|Any CPU
		{D46765B4-6FF4-4378-86A9-0AA55FF507D4}.DVD-5|Any CPU.ActiveCfg = Debug|Any CPU
		{D46765B4-6FF4-4378-86A9-0AA55FF507D4}.DVD-5|Any CPU.Build.0 = Debug|Any CPU
		{D46765B4-6FF4-4378-86A9-0AA55FF507D4}.DVD-5|Mixed Platforms.ActiveCfg = Debug|Any CPU
		{D46765B4-6FF4-4378-86A9-0AA55FF507D4}.DVD-5|Mixed Platforms.Build.0 = Debug|Any CPU
		{D46765B4-6FF4-4378-86A9-0AA55FF507D4}.DVD-5|x86.ActiveCfg = Debug|Any CPU
		{D46765B4-6FF4-4378-86A9-0AA55FF507D4}.Release|Any CPU.ActiveCfg = Release|Any CPU
		{D46765B4-6FF4-4378-86A9-0AA55FF507D4}.Release|Any CPU.Build.0 = Release|Any CPU
		{D46765B4-6FF4-4378-86A9-0AA55FF507D4}.Release|Mixed Platforms.ActiveCfg = Release|Any CPU
		{D46765B4-6FF4-4378-86A9-0AA55FF507D4}.Release|Mixed Platforms.Build.0 = Release|Any CPU
		{D46765B4-6FF4-4378-86A9-0AA55FF507D4}.Release|x86.ActiveCfg = Release|Any CPU
		{D46765B4-6FF4-4378-86A9-0AA55FF507D4}.SingleImage|Any CPU.ActiveCfg = Release|Any CPU
		{D46765B4-6FF4-4378-86A9-0AA55FF507D4}.SingleImage|Any CPU.Build.0 = Release|Any CPU
		{D46765B4-6FF4-4378-86A9-0AA55FF507D4}.SingleImage|Mixed Platforms.ActiveCfg = Debug|Any CPU
		{D46765B4-6FF4-4378-86A9-0AA55FF507D4}.SingleImage|Mixed Platforms.Build.0 = Debug|Any CPU
		{D46765B4-6FF4-4378-86A9-0AA55FF507D4}.SingleImage|x86.ActiveCfg = Debug|Any CPU
		{F84561A7-6594-4D4B-B396-C56B73E10349}.CD_ROM|Any CPU.ActiveCfg = Release|Any CPU
		{F84561A7-6594-4D4B-B396-C56B73E10349}.CD_ROM|Any CPU.Build.0 = Release|Any CPU
		{F84561A7-6594-4D4B-B396-C56B73E10349}.CD_ROM|Mixed Platforms.ActiveCfg = Debug|Any CPU
		{F84561A7-6594-4D4B-B396-C56B73E10349}.CD_ROM|Mixed Platforms.Build.0 = Debug|Any CPU
		{F84561A7-6594-4D4B-B396-C56B73E10349}.CD_ROM|x86.ActiveCfg = Debug|Any CPU
		{F84561A7-6594-4D4B-B396-C56B73E10349}.Debug|Any CPU.ActiveCfg = Debug|Any CPU
		{F84561A7-6594-4D4B-B396-C56B73E10349}.Debug|Any CPU.Build.0 = Debug|Any CPU
		{F84561A7-6594-4D4B-B396-C56B73E10349}.Debug|Mixed Platforms.ActiveCfg = Debug|Any CPU
		{F84561A7-6594-4D4B-B396-C56B73E10349}.Debug|Mixed Platforms.Build.0 = Debug|Any CPU
		{F84561A7-6594-4D4B-B396-C56B73E10349}.Debug|x86.ActiveCfg = Debug|Any CPU
		{F84561A7-6594-4D4B-B396-C56B73E10349}.DVD-5|Any CPU.ActiveCfg = Debug|Any CPU
		{F84561A7-6594-4D4B-B396-C56B73E10349}.DVD-5|Any CPU.Build.0 = Debug|Any CPU
		{F84561A7-6594-4D4B-B396-C56B73E10349}.DVD-5|Mixed Platforms.ActiveCfg = Debug|Any CPU
		{F84561A7-6594-4D4B-B396-C56B73E10349}.DVD-5|Mixed Platforms.Build.0 = Debug|Any CPU
		{F84561A7-6594-4D4B-B396-C56B73E10349}.DVD-5|x86.ActiveCfg = Debug|Any CPU
		{F84561A7-6594-4D4B-B396-C56B73E10349}.Release|Any CPU.ActiveCfg = Release|Any CPU
		{F84561A7-6594-4D4B-B396-C56B73E10349}.Release|Any CPU.Build.0 = Release|Any CPU
		{F84561A7-6594-4D4B-B396-C56B73E10349}.Release|Mixed Platforms.ActiveCfg = Release|Any CPU
		{F84561A7-6594-4D4B-B396-C56B73E10349}.Release|Mixed Platforms.Build.0 = Release|Any CPU
		{F84561A7-6594-4D4B-B396-C56B73E10349}.Release|x86.ActiveCfg = Release|Any CPU
		{F84561A7-6594-4D4B-B396-C56B73E10349}.SingleImage|Any CPU.ActiveCfg = Release|Any CPU
		{F84561A7-6594-4D4B-B396-C56B73E10349}.SingleImage|Any CPU.Build.0 = Release|Any CPU
		{F84561A7-6594-4D4B-B396-C56B73E10349}.SingleImage|Mixed Platforms.ActiveCfg = Debug|Any CPU
		{F84561A7-6594-4D4B-B396-C56B73E10349}.SingleImage|Mixed Platforms.Build.0 = Debug|Any CPU
		{F84561A7-6594-4D4B-B396-C56B73E10349}.SingleImage|x86.ActiveCfg = Debug|Any CPU
		{C577AFD7-0742-4AB2-9C8F-51F8B06E135A}.CD_ROM|Any CPU.ActiveCfg = Release|Any CPU
		{C577AFD7-0742-4AB2-9C8F-51F8B06E135A}.CD_ROM|Any CPU.Build.0 = Release|Any CPU
		{C577AFD7-0742-4AB2-9C8F-51F8B06E135A}.CD_ROM|Mixed Platforms.ActiveCfg = Debug|Any CPU
		{C577AFD7-0742-4AB2-9C8F-51F8B06E135A}.CD_ROM|Mixed Platforms.Build.0 = Debug|Any CPU
		{C577AFD7-0742-4AB2-9C8F-51F8B06E135A}.CD_ROM|x86.ActiveCfg = Debug|Any CPU
		{C577AFD7-0742-4AB2-9C8F-51F8B06E135A}.Debug|Any CPU.ActiveCfg = Debug|Any CPU
		{C577AFD7-0742-4AB2-9C8F-51F8B06E135A}.Debug|Any CPU.Build.0 = Debug|Any CPU
		{C577AFD7-0742-4AB2-9C8F-51F8B06E135A}.Debug|Mixed Platforms.ActiveCfg = Debug|Any CPU
		{C577AFD7-0742-4AB2-9C8F-51F8B06E135A}.Debug|Mixed Platforms.Build.0 = Debug|Any CPU
		{C577AFD7-0742-4AB2-9C8F-51F8B06E135A}.Debug|x86.ActiveCfg = Debug|Any CPU
		{C577AFD7-0742-4AB2-9C8F-51F8B06E135A}.DVD-5|Any CPU.ActiveCfg = Debug|Any CPU
		{C577AFD7-0742-4AB2-9C8F-51F8B06E135A}.DVD-5|Any CPU.Build.0 = Debug|Any CPU
		{C577AFD7-0742-4AB2-9C8F-51F8B06E135A}.DVD-5|Mixed Platforms.ActiveCfg = Debug|Any CPU
		{C577AFD7-0742-4AB2-9C8F-51F8B06E135A}.DVD-5|Mixed Platforms.Build.0 = Debug|Any CPU
		{C577AFD7-0742-4AB2-9C8F-51F8B06E135A}.DVD-5|x86.ActiveCfg = Debug|Any CPU
		{C577AFD7-0742-4AB2-9C8F-51F8B06E135A}.Release|Any CPU.ActiveCfg = Release|Any CPU
		{C577AFD7-0742-4AB2-9C8F-51F8B06E135A}.Release|Any CPU.Build.0 = Release|Any CPU
		{C577AFD7-0742-4AB2-9C8F-51F8B06E135A}.Release|Mixed Platforms.ActiveCfg = Release|Any CPU
		{C577AFD7-0742-4AB2-9C8F-51F8B06E135A}.Release|Mixed Platforms.Build.0 = Release|Any CPU
		{C577AFD7-0742-4AB2-9C8F-51F8B06E135A}.Release|x86.ActiveCfg = Release|Any CPU
		{C577AFD7-0742-4AB2-9C8F-51F8B06E135A}.SingleImage|Any CPU.ActiveCfg = Release|Any CPU
		{C577AFD7-0742-4AB2-9C8F-51F8B06E135A}.SingleImage|Any CPU.Build.0 = Release|Any CPU
		{C577AFD7-0742-4AB2-9C8F-51F8B06E135A}.SingleImage|Mixed Platforms.ActiveCfg = Debug|Any CPU
		{C577AFD7-0742-4AB2-9C8F-51F8B06E135A}.SingleImage|Mixed Platforms.Build.0 = Debug|Any CPU
		{C577AFD7-0742-4AB2-9C8F-51F8B06E135A}.SingleImage|x86.ActiveCfg = Debug|Any CPU
		{08813093-9BF0-4693-99D4-606C9C31DB20}.CD_ROM|Any CPU.ActiveCfg = Release|Any CPU
		{08813093-9BF0-4693-99D4-606C9C31DB20}.CD_ROM|Any CPU.Build.0 = Release|Any CPU
		{08813093-9BF0-4693-99D4-606C9C31DB20}.CD_ROM|Mixed Platforms.ActiveCfg = Debug|Any CPU
		{08813093-9BF0-4693-99D4-606C9C31DB20}.CD_ROM|Mixed Platforms.Build.0 = Debug|Any CPU
		{08813093-9BF0-4693-99D4-606C9C31DB20}.CD_ROM|x86.ActiveCfg = Debug|Any CPU
		{08813093-9BF0-4693-99D4-606C9C31DB20}.Debug|Any CPU.ActiveCfg = Debug|Any CPU
		{08813093-9BF0-4693-99D4-606C9C31DB20}.Debug|Any CPU.Build.0 = Debug|Any CPU
		{08813093-9BF0-4693-99D4-606C9C31DB20}.Debug|Mixed Platforms.ActiveCfg = Debug|Any CPU
		{08813093-9BF0-4693-99D4-606C9C31DB20}.Debug|Mixed Platforms.Build.0 = Debug|Any CPU
		{08813093-9BF0-4693-99D4-606C9C31DB20}.Debug|x86.ActiveCfg = Debug|Any CPU
		{08813093-9BF0-4693-99D4-606C9C31DB20}.DVD-5|Any CPU.ActiveCfg = Debug|Any CPU
		{08813093-9BF0-4693-99D4-606C9C31DB20}.DVD-5|Any CPU.Build.0 = Debug|Any CPU
		{08813093-9BF0-4693-99D4-606C9C31DB20}.DVD-5|Mixed Platforms.ActiveCfg = Debug|Any CPU
		{08813093-9BF0-4693-99D4-606C9C31DB20}.DVD-5|Mixed Platforms.Build.0 = Debug|Any CPU
		{08813093-9BF0-4693-99D4-606C9C31DB20}.DVD-5|x86.ActiveCfg = Debug|Any CPU
		{08813093-9BF0-4693-99D4-606C9C31DB20}.Release|Any CPU.ActiveCfg = Release|Any CPU
		{08813093-9BF0-4693-99D4-606C9C31DB20}.Release|Any CPU.Build.0 = Release|Any CPU
		{08813093-9BF0-4693-99D4-606C9C31DB20}.Release|Mixed Platforms.ActiveCfg = Release|Any CPU
		{08813093-9BF0-4693-99D4-606C9C31DB20}.Release|Mixed Platforms.Build.0 = Release|Any CPU
		{08813093-9BF0-4693-99D4-606C9C31DB20}.Release|x86.ActiveCfg = Release|Any CPU
		{08813093-9BF0-4693-99D4-606C9C31DB20}.SingleImage|Any CPU.ActiveCfg = Release|Any CPU
		{08813093-9BF0-4693-99D4-606C9C31DB20}.SingleImage|Any CPU.Build.0 = Release|Any CPU
		{08813093-9BF0-4693-99D4-606C9C31DB20}.SingleImage|Mixed Platforms.ActiveCfg = Debug|Any CPU
		{08813093-9BF0-4693-99D4-606C9C31DB20}.SingleImage|Mixed Platforms.Build.0 = Debug|Any CPU
		{08813093-9BF0-4693-99D4-606C9C31DB20}.SingleImage|x86.ActiveCfg = Debug|Any CPU
		{5F6DF756-A385-4EE9-B2B0-05E953A4BBAD}.CD_ROM|Any CPU.ActiveCfg = Release|Any CPU
		{5F6DF756-A385-4EE9-B2B0-05E953A4BBAD}.CD_ROM|Any CPU.Build.0 = Release|Any CPU
		{5F6DF756-A385-4EE9-B2B0-05E953A4BBAD}.CD_ROM|Mixed Platforms.ActiveCfg = Debug|Any CPU
		{5F6DF756-A385-4EE9-B2B0-05E953A4BBAD}.CD_ROM|Mixed Platforms.Build.0 = Debug|Any CPU
		{5F6DF756-A385-4EE9-B2B0-05E953A4BBAD}.CD_ROM|x86.ActiveCfg = Debug|Any CPU
		{5F6DF756-A385-4EE9-B2B0-05E953A4BBAD}.Debug|Any CPU.ActiveCfg = Debug|Any CPU
		{5F6DF756-A385-4EE9-B2B0-05E953A4BBAD}.Debug|Any CPU.Build.0 = Debug|Any CPU
		{5F6DF756-A385-4EE9-B2B0-05E953A4BBAD}.Debug|Mixed Platforms.ActiveCfg = Debug|Any CPU
		{5F6DF756-A385-4EE9-B2B0-05E953A4BBAD}.Debug|Mixed Platforms.Build.0 = Debug|Any CPU
		{5F6DF756-A385-4EE9-B2B0-05E953A4BBAD}.Debug|x86.ActiveCfg = Debug|Any CPU
		{5F6DF756-A385-4EE9-B2B0-05E953A4BBAD}.DVD-5|Any CPU.ActiveCfg = Debug|Any CPU
		{5F6DF756-A385-4EE9-B2B0-05E953A4BBAD}.DVD-5|Any CPU.Build.0 = Debug|Any CPU
		{5F6DF756-A385-4EE9-B2B0-05E953A4BBAD}.DVD-5|Mixed Platforms.ActiveCfg = Debug|Any CPU
		{5F6DF756-A385-4EE9-B2B0-05E953A4BBAD}.DVD-5|Mixed Platforms.Build.0 = Debug|Any CPU
		{5F6DF756-A385-4EE9-B2B0-05E953A4BBAD}.DVD-5|x86.ActiveCfg = Debug|Any CPU
		{5F6DF756-A385-4EE9-B2B0-05E953A4BBAD}.Release|Any CPU.ActiveCfg = Release|Any CPU
		{5F6DF756-A385-4EE9-B2B0-05E953A4BBAD}.Release|Any CPU.Build.0 = Release|Any CPU
		{5F6DF756-A385-4EE9-B2B0-05E953A4BBAD}.Release|Mixed Platforms.ActiveCfg = Release|Any CPU
		{5F6DF756-A385-4EE9-B2B0-05E953A4BBAD}.Release|Mixed Platforms.Build.0 = Release|Any CPU
		{5F6DF756-A385-4EE9-B2B0-05E953A4BBAD}.Release|x86.ActiveCfg = Release|Any CPU
		{5F6DF756-A385-4EE9-B2B0-05E953A4BBAD}.SingleImage|Any CPU.ActiveCfg = Release|Any CPU
		{5F6DF756-A385-4EE9-B2B0-05E953A4BBAD}.SingleImage|Any CPU.Build.0 = Release|Any CPU
		{5F6DF756-A385-4EE9-B2B0-05E953A4BBAD}.SingleImage|Mixed Platforms.ActiveCfg = Debug|Any CPU
		{5F6DF756-A385-4EE9-B2B0-05E953A4BBAD}.SingleImage|Mixed Platforms.Build.0 = Debug|Any CPU
		{5F6DF756-A385-4EE9-B2B0-05E953A4BBAD}.SingleImage|x86.ActiveCfg = Debug|Any CPU
		{050EEB4F-49A7-4995-A351-02A8B50D3230}.CD_ROM|Any CPU.ActiveCfg = Release|Any CPU
		{050EEB4F-49A7-4995-A351-02A8B50D3230}.CD_ROM|Any CPU.Build.0 = Release|Any CPU
		{050EEB4F-49A7-4995-A351-02A8B50D3230}.CD_ROM|Mixed Platforms.ActiveCfg = Release|Any CPU
		{050EEB4F-49A7-4995-A351-02A8B50D3230}.CD_ROM|Mixed Platforms.Build.0 = Release|Any CPU
		{050EEB4F-49A7-4995-A351-02A8B50D3230}.CD_ROM|x86.ActiveCfg = Release|Any CPU
		{050EEB4F-49A7-4995-A351-02A8B50D3230}.Debug|Any CPU.ActiveCfg = Debug|Any CPU
		{050EEB4F-49A7-4995-A351-02A8B50D3230}.Debug|Any CPU.Build.0 = Debug|Any CPU
		{050EEB4F-49A7-4995-A351-02A8B50D3230}.Debug|Mixed Platforms.ActiveCfg = Debug|Any CPU
		{050EEB4F-49A7-4995-A351-02A8B50D3230}.Debug|Mixed Platforms.Build.0 = Debug|Any CPU
		{050EEB4F-49A7-4995-A351-02A8B50D3230}.Debug|x86.ActiveCfg = Debug|Any CPU
		{050EEB4F-49A7-4995-A351-02A8B50D3230}.DVD-5|Any CPU.ActiveCfg = Debug|Any CPU
		{050EEB4F-49A7-4995-A351-02A8B50D3230}.DVD-5|Any CPU.Build.0 = Debug|Any CPU
		{050EEB4F-49A7-4995-A351-02A8B50D3230}.DVD-5|Mixed Platforms.ActiveCfg = Debug|Any CPU
		{050EEB4F-49A7-4995-A351-02A8B50D3230}.DVD-5|Mixed Platforms.Build.0 = Debug|Any CPU
		{050EEB4F-49A7-4995-A351-02A8B50D3230}.DVD-5|x86.ActiveCfg = Debug|Any CPU
		{050EEB4F-49A7-4995-A351-02A8B50D3230}.Release|Any CPU.ActiveCfg = Release|Any CPU
		{050EEB4F-49A7-4995-A351-02A8B50D3230}.Release|Any CPU.Build.0 = Release|Any CPU
		{050EEB4F-49A7-4995-A351-02A8B50D3230}.Release|Mixed Platforms.ActiveCfg = Release|Any CPU
		{050EEB4F-49A7-4995-A351-02A8B50D3230}.Release|Mixed Platforms.Build.0 = Release|Any CPU
		{050EEB4F-49A7-4995-A351-02A8B50D3230}.Release|x86.ActiveCfg = Release|Any CPU
		{050EEB4F-49A7-4995-A351-02A8B50D3230}.SingleImage|Any CPU.ActiveCfg = Release|Any CPU
		{050EEB4F-49A7-4995-A351-02A8B50D3230}.SingleImage|Any CPU.Build.0 = Release|Any CPU
		{050EEB4F-49A7-4995-A351-02A8B50D3230}.SingleImage|Mixed Platforms.ActiveCfg = Release|Any CPU
		{050EEB4F-49A7-4995-A351-02A8B50D3230}.SingleImage|Mixed Platforms.Build.0 = Release|Any CPU
		{050EEB4F-49A7-4995-A351-02A8B50D3230}.SingleImage|x86.ActiveCfg = Release|Any CPU
		{51A17633-5451-42E0-AB01-0A13DCD93A60}.CD_ROM|Any CPU.ActiveCfg = CD_ROM
		{51A17633-5451-42E0-AB01-0A13DCD93A60}.CD_ROM|Any CPU.Build.0 = CD_ROM
		{51A17633-5451-42E0-AB01-0A13DCD93A60}.CD_ROM|Mixed Platforms.ActiveCfg = CD_ROM
		{51A17633-5451-42E0-AB01-0A13DCD93A60}.CD_ROM|Mixed Platforms.Build.0 = CD_ROM
		{51A17633-5451-42E0-AB01-0A13DCD93A60}.CD_ROM|x86.ActiveCfg = CD_ROM
		{51A17633-5451-42E0-AB01-0A13DCD93A60}.CD_ROM|x86.Build.0 = CD_ROM
		{51A17633-5451-42E0-AB01-0A13DCD93A60}.Debug|Any CPU.ActiveCfg = DVD-5
		{51A17633-5451-42E0-AB01-0A13DCD93A60}.Debug|Any CPU.Build.0 = DVD-5
		{51A17633-5451-42E0-AB01-0A13DCD93A60}.Debug|Mixed Platforms.ActiveCfg = DVD-5
		{51A17633-5451-42E0-AB01-0A13DCD93A60}.Debug|Mixed Platforms.Build.0 = DVD-5
		{51A17633-5451-42E0-AB01-0A13DCD93A60}.Debug|x86.ActiveCfg = DVD-5
		{51A17633-5451-42E0-AB01-0A13DCD93A60}.Debug|x86.Build.0 = DVD-5
		{51A17633-5451-42E0-AB01-0A13DCD93A60}.DVD-5|Any CPU.ActiveCfg = DVD-5
		{51A17633-5451-42E0-AB01-0A13DCD93A60}.DVD-5|Any CPU.Build.0 = DVD-5
		{51A17633-5451-42E0-AB01-0A13DCD93A60}.DVD-5|Mixed Platforms.ActiveCfg = DVD-5
		{51A17633-5451-42E0-AB01-0A13DCD93A60}.DVD-5|Mixed Platforms.Build.0 = DVD-5
		{51A17633-5451-42E0-AB01-0A13DCD93A60}.DVD-5|x86.ActiveCfg = DVD-5
		{51A17633-5451-42E0-AB01-0A13DCD93A60}.DVD-5|x86.Build.0 = DVD-5
		{51A17633-5451-42E0-AB01-0A13DCD93A60}.Release|Any CPU.ActiveCfg = SingleImage
		{51A17633-5451-42E0-AB01-0A13DCD93A60}.Release|Any CPU.Build.0 = SingleImage
		{51A17633-5451-42E0-AB01-0A13DCD93A60}.Release|Mixed Platforms.ActiveCfg = SingleImage
		{51A17633-5451-42E0-AB01-0A13DCD93A60}.Release|Mixed Platforms.Build.0 = SingleImage
		{51A17633-5451-42E0-AB01-0A13DCD93A60}.Release|x86.ActiveCfg = SingleImage
		{51A17633-5451-42E0-AB01-0A13DCD93A60}.Release|x86.Build.0 = SingleImage
		{51A17633-5451-42E0-AB01-0A13DCD93A60}.SingleImage|Any CPU.ActiveCfg = SingleImage
		{51A17633-5451-42E0-AB01-0A13DCD93A60}.SingleImage|Any CPU.Build.0 = SingleImage
		{51A17633-5451-42E0-AB01-0A13DCD93A60}.SingleImage|Mixed Platforms.ActiveCfg = SingleImage
		{51A17633-5451-42E0-AB01-0A13DCD93A60}.SingleImage|Mixed Platforms.Build.0 = SingleImage
		{51A17633-5451-42E0-AB01-0A13DCD93A60}.SingleImage|x86.ActiveCfg = SingleImage
		{51A17633-5451-42E0-AB01-0A13DCD93A60}.SingleImage|x86.Build.0 = SingleImage
	EndGlobalSection
	GlobalSection(SolutionProperties) = preSolution
		HideSolutionNode = FALSE
	EndGlobalSection
EndGlobal
